// !$*UTF8*$!
{
	archiveVersion = 1;
	classes = {
	};
	objectVersion = 46;
	objects = {

/* Begin PBXBuildFile section */
		888C2E6D19128CF70049C1B3 /* Foundation.framework in Frameworks */ = {isa = PBXBuildFile; fileRef = 888C2E6C19128CF70049C1B3 /* Foundation.framework */; };
		888C2E6F19128CF70049C1B3 /* CoreGraphics.framework in Frameworks */ = {isa = PBXBuildFile; fileRef = 888C2E6E19128CF70049C1B3 /* CoreGraphics.framework */; };
		888C2E7119128CF70049C1B3 /* UIKit.framework in Frameworks */ = {isa = PBXBuildFile; fileRef = 888C2E7019128CF70049C1B3 /* UIKit.framework */; };
		888C2E7719128CF70049C1B3 /* InfoPlist.strings in Resources */ = {isa = PBXBuildFile; fileRef = 888C2E7519128CF70049C1B3 /* InfoPlist.strings */; };
		888C2E7919128CF70049C1B3 /* main.m in Sources */ = {isa = PBXBuildFile; fileRef = 888C2E7819128CF70049C1B3 /* main.m */; };
		888C2E7D19128CF70049C1B3 /* OWAppDelegate.m in Sources */ = {isa = PBXBuildFile; fileRef = 888C2E7C19128CF70049C1B3 /* OWAppDelegate.m */; };
		888C2E8019128CF70049C1B3 /* Main.storyboard in Resources */ = {isa = PBXBuildFile; fileRef = 888C2E7E19128CF70049C1B3 /* Main.storyboard */; };
		888C2E8519128CF70049C1B3 /* Images.xcassets in Resources */ = {isa = PBXBuildFile; fileRef = 888C2E8419128CF70049C1B3 /* Images.xcassets */; };
		888C2E8C19128CF70049C1B3 /* XCTest.framework in Frameworks */ = {isa = PBXBuildFile; fileRef = 888C2E8B19128CF70049C1B3 /* XCTest.framework */; };
		888C2E8D19128CF70049C1B3 /* Foundation.framework in Frameworks */ = {isa = PBXBuildFile; fileRef = 888C2E6C19128CF70049C1B3 /* Foundation.framework */; };
		888C2E8E19128CF70049C1B3 /* UIKit.framework in Frameworks */ = {isa = PBXBuildFile; fileRef = 888C2E7019128CF70049C1B3 /* UIKit.framework */; };
		888C2E9619128CF70049C1B3 /* InfoPlist.strings in Resources */ = {isa = PBXBuildFile; fileRef = 888C2E9419128CF70049C1B3 /* InfoPlist.strings */; };
		888C2E9819128CF70049C1B3 /* Out_Of_This_WorldTests.m in Sources */ = {isa = PBXBuildFile; fileRef = 888C2E9719128CF70049C1B3 /* Out_Of_This_WorldTests.m */; };
		888C2EA319128DCB0049C1B3 /* OWOuterSpaceTableViewController.m in Sources */ = {isa = PBXBuildFile; fileRef = 888C2EA219128DCB0049C1B3 /* OWOuterSpaceTableViewController.m */; };
		888C2EA6191295DF0049C1B3 /* AstronomicalData.m in Sources */ = {isa = PBXBuildFile; fileRef = 888C2EA5191295DF0049C1B3 /* AstronomicalData.m */; };
		888C2F391922A9580049C1B3 /* Earth.jpg in Resources */ = {isa = PBXBuildFile; fileRef = 888C2F2F1922A9580049C1B3 /* Earth.jpg */; };
		888C2F3A1922A9580049C1B3 /* EinsteinRing.jpg in Resources */ = {isa = PBXBuildFile; fileRef = 888C2F301922A9580049C1B3 /* EinsteinRing.jpg */; };
		888C2F3B1922A9580049C1B3 /* Jupiter.jpg in Resources */ = {isa = PBXBuildFile; fileRef = 888C2F311922A9580049C1B3 /* Jupiter.jpg */; };
		888C2F3C1922A9580049C1B3 /* Mars.jpg in Resources */ = {isa = PBXBuildFile; fileRef = 888C2F321922A9580049C1B3 /* Mars.jpg */; };
		888C2F3D1922A9580049C1B3 /* Mercury.jpg in Resources */ = {isa = PBXBuildFile; fileRef = 888C2F331922A9580049C1B3 /* Mercury.jpg */; };
		888C2F3E1922A9580049C1B3 /* Neptune.jpg in Resources */ = {isa = PBXBuildFile; fileRef = 888C2F341922A9580049C1B3 /* Neptune.jpg */; };
		888C2F3F1922A9580049C1B3 /* Orion.jpg in Resources */ = {isa = PBXBuildFile; fileRef = 888C2F351922A9580049C1B3 /* Orion.jpg */; };
		888C2F401922A9580049C1B3 /* Saturn.jpg in Resources */ = {isa = PBXBuildFile; fileRef = 888C2F361922A9580049C1B3 /* Saturn.jpg */; };
		888C2F411922A9580049C1B3 /* Uranus.jpg in Resources */ = {isa = PBXBuildFile; fileRef = 888C2F371922A9580049C1B3 /* Uranus.jpg */; };
		888C2F421922A9580049C1B3 /* Venus.jpg in Resources */ = {isa = PBXBuildFile; fileRef = 888C2F381922A9580049C1B3 /* Venus.jpg */; };
		888C2F451922A97C0049C1B3 /* OWObject.m in Sources */ = {isa = PBXBuildFile; fileRef = 888C2F441922A97C0049C1B3 /* OWObject.m */; };
		888C2F8C192455050049C1B3 /* OWSpaceImageViewController.m in Sources */ = {isa = PBXBuildFile; fileRef = 888C2F8B192455050049C1B3 /* OWSpaceImageViewController.m */; };
/* End PBXBuildFile section */

/* Begin PBXContainerItemProxy section */
		888C2E8F19128CF70049C1B3 /* PBXContainerItemProxy */ = {
			isa = PBXContainerItemProxy;
			containerPortal = 888C2E6119128CF70049C1B3 /* Project object */;
			proxyType = 1;
			remoteGlobalIDString = 888C2E6819128CF70049C1B3;
			remoteInfo = "Out Of This World";
		};
/* End PBXContainerItemProxy section */

/* Begin PBXFileReference section */
		888C2E6919128CF70049C1B3 /* Out Of This World.app */ = {isa = PBXFileReference; explicitFileType = wrapper.application; includeInIndex = 0; path = "Out Of This World.app"; sourceTree = BUILT_PRODUCTS_DIR; };
		888C2E6C19128CF70049C1B3 /* Foundation.framework */ = {isa = PBXFileReference; lastKnownFileType = wrapper.framework; name = Foundation.framework; path = System/Library/Frameworks/Foundation.framework; sourceTree = SDKROOT; };
		888C2E6E19128CF70049C1B3 /* CoreGraphics.framework */ = {isa = PBXFileReference; lastKnownFileType = wrapper.framework; name = CoreGraphics.framework; path = System/Library/Frameworks/CoreGraphics.framework; sourceTree = SDKROOT; };
		888C2E7019128CF70049C1B3 /* UIKit.framework */ = {isa = PBXFileReference; lastKnownFileType = wrapper.framework; name = UIKit.framework; path = System/Library/Frameworks/UIKit.framework; sourceTree = SDKROOT; };
		888C2E7419128CF70049C1B3 /* Out Of This World-Info.plist */ = {isa = PBXFileReference; lastKnownFileType = text.plist.xml; path = "Out Of This World-Info.plist"; sourceTree = "<group>"; };
		888C2E7619128CF70049C1B3 /* en */ = {isa = PBXFileReference; lastKnownFileType = text.plist.strings; name = en; path = en.lproj/InfoPlist.strings; sourceTree = "<group>"; };
		888C2E7819128CF70049C1B3 /* main.m */ = {isa = PBXFileReference; lastKnownFileType = sourcecode.c.objc; path = main.m; sourceTree = "<group>"; };
		888C2E7A19128CF70049C1B3 /* Out Of This World-Prefix.pch */ = {isa = PBXFileReference; lastKnownFileType = sourcecode.c.h; path = "Out Of This World-Prefix.pch"; sourceTree = "<group>"; };
		888C2E7B19128CF70049C1B3 /* OWAppDelegate.h */ = {isa = PBXFileReference; lastKnownFileType = sourcecode.c.h; path = OWAppDelegate.h; sourceTree = "<group>"; };
		888C2E7C19128CF70049C1B3 /* OWAppDelegate.m */ = {isa = PBXFileReference; lastKnownFileType = sourcecode.c.objc; path = OWAppDelegate.m; sourceTree = "<group>"; };
		888C2E7F19128CF70049C1B3 /* Base */ = {isa = PBXFileReference; lastKnownFileType = file.storyboard; name = Base; path = Base.lproj/Main.storyboard; sourceTree = "<group>"; };
		888C2E8419128CF70049C1B3 /* Images.xcassets */ = {isa = PBXFileReference; lastKnownFileType = folder.assetcatalog; path = Images.xcassets; sourceTree = "<group>"; };
		888C2E8A19128CF70049C1B3 /* Out Of This WorldTests.xctest */ = {isa = PBXFileReference; explicitFileType = wrapper.cfbundle; includeInIndex = 0; path = "Out Of This WorldTests.xctest"; sourceTree = BUILT_PRODUCTS_DIR; };
		888C2E8B19128CF70049C1B3 /* XCTest.framework */ = {isa = PBXFileReference; lastKnownFileType = wrapper.framework; name = XCTest.framework; path = Library/Frameworks/XCTest.framework; sourceTree = DEVELOPER_DIR; };
		888C2E9319128CF70049C1B3 /* Out Of This WorldTests-Info.plist */ = {isa = PBXFileReference; lastKnownFileType = text.plist.xml; path = "Out Of This WorldTests-Info.plist"; sourceTree = "<group>"; };
		888C2E9519128CF70049C1B3 /* en */ = {isa = PBXFileReference; lastKnownFileType = text.plist.strings; name = en; path = en.lproj/InfoPlist.strings; sourceTree = "<group>"; };
		888C2E9719128CF70049C1B3 /* Out_Of_This_WorldTests.m */ = {isa = PBXFileReference; lastKnownFileType = sourcecode.c.objc; path = Out_Of_This_WorldTests.m; sourceTree = "<group>"; };
		888C2EA119128DCB0049C1B3 /* OWOuterSpaceTableViewController.h */ = {isa = PBXFileReference; fileEncoding = 4; lastKnownFileType = sourcecode.c.h; name = OWOuterSpaceTableViewController.h; path = ../OWOuterSpaceTableViewController.h; sourceTree = "<group>"; };
		888C2EA219128DCB0049C1B3 /* OWOuterSpaceTableViewController.m */ = {isa = PBXFileReference; fileEncoding = 4; lastKnownFileType = sourcecode.c.objc; name = OWOuterSpaceTableViewController.m; path = ../OWOuterSpaceTableViewController.m; sourceTree = "<group>"; };
		888C2EA4191295DF0049C1B3 /* AstronomicalData.h */ = {isa = PBXFileReference; fileEncoding = 4; lastKnownFileType = sourcecode.c.h; path = AstronomicalData.h; sourceTree = "<group>"; };
		888C2EA5191295DF0049C1B3 /* AstronomicalData.m */ = {isa = PBXFileReference; fileEncoding = 4; lastKnownFileType = sourcecode.c.objc; path = AstronomicalData.m; sourceTree = "<group>"; };
		888C2F2F1922A9580049C1B3 /* Earth.jpg */ = {isa = PBXFileReference; lastKnownFileType = image.jpeg; path = Earth.jpg; sourceTree = "<group>"; };
		888C2F301922A9580049C1B3 /* EinsteinRing.jpg */ = {isa = PBXFileReference; lastKnownFileType = image.jpeg; path = EinsteinRing.jpg; sourceTree = "<group>"; };
		888C2F311922A9580049C1B3 /* Jupiter.jpg */ = {isa = PBXFileReference; lastKnownFileType = image.jpeg; path = Jupiter.jpg; sourceTree = "<group>"; };
		888C2F321922A9580049C1B3 /* Mars.jpg */ = {isa = PBXFileReference; lastKnownFileType = image.jpeg; path = Mars.jpg; sourceTree = "<group>"; };
		888C2F331922A9580049C1B3 /* Mercury.jpg */ = {isa = PBXFileReference; lastKnownFileType = image.jpeg; path = Mercury.jpg; sourceTree = "<group>"; };
		888C2F341922A9580049C1B3 /* Neptune.jpg */ = {isa = PBXFileReference; lastKnownFileType = image.jpeg; path = Neptune.jpg; sourceTree = "<group>"; };
		888C2F351922A9580049C1B3 /* Orion.jpg */ = {isa = PBXFileReference; lastKnownFileType = image.jpeg; path = Orion.jpg; sourceTree = "<group>"; };
		888C2F361922A9580049C1B3 /* Saturn.jpg */ = {isa = PBXFileReference; lastKnownFileType = image.jpeg; path = Saturn.jpg; sourceTree = "<group>"; };
		888C2F371922A9580049C1B3 /* Uranus.jpg */ = {isa = PBXFileReference; lastKnownFileType = image.jpeg; path = Uranus.jpg; sourceTree = "<group>"; };
		888C2F381922A9580049C1B3 /* Venus.jpg */ = {isa = PBXFileReference; lastKnownFileType = image.jpeg; path = Venus.jpg; sourceTree = "<group>"; };
		888C2F431922A97C0049C1B3 /* OWObject.h */ = {isa = PBXFileReference; fileEncoding = 4; lastKnownFileType = sourcecode.c.h; path = OWObject.h; sourceTree = "<group>"; };
		888C2F441922A97C0049C1B3 /* OWObject.m */ = {isa = PBXFileReference; fileEncoding = 4; lastKnownFileType = sourcecode.c.objc; path = OWObject.m; sourceTree = "<group>"; };
		888C2F8A192455050049C1B3 /* OWSpaceImageViewController.h */ = {isa = PBXFileReference; fileEncoding = 4; lastKnownFileType = sourcecode.c.h; path = OWSpaceImageViewController.h; sourceTree = "<group>"; };
		888C2F8B192455050049C1B3 /* OWSpaceImageViewController.m */ = {isa = PBXFileReference; fileEncoding = 4; lastKnownFileType = sourcecode.c.objc; path = OWSpaceImageViewController.m; sourceTree = "<group>"; };
/* End PBXFileReference section */

/* Begin PBXFrameworksBuildPhase section */
		888C2E6619128CF70049C1B3 /* Frameworks */ = {
			isa = PBXFrameworksBuildPhase;
			buildActionMask = 2147483647;
			files = (
				888C2E6F19128CF70049C1B3 /* CoreGraphics.framework in Frameworks */,
				888C2E7119128CF70049C1B3 /* UIKit.framework in Frameworks */,
				888C2E6D19128CF70049C1B3 /* Foundation.framework in Frameworks */,
			);
			runOnlyForDeploymentPostprocessing = 0;
		};
		888C2E8719128CF70049C1B3 /* Frameworks */ = {
			isa = PBXFrameworksBuildPhase;
			buildActionMask = 2147483647;
			files = (
				888C2E8C19128CF70049C1B3 /* XCTest.framework in Frameworks */,
				888C2E8E19128CF70049C1B3 /* UIKit.framework in Frameworks */,
				888C2E8D19128CF70049C1B3 /* Foundation.framework in Frameworks */,
			);
			runOnlyForDeploymentPostprocessing = 0;
		};
/* End PBXFrameworksBuildPhase section */

/* Begin PBXGroup section */
		888C2E6019128CF70049C1B3 = {
			isa = PBXGroup;
			children = (
				888C2E7219128CF70049C1B3 /* Out Of This World */,
				888C2E9119128CF70049C1B3 /* Out Of This WorldTests */,
				888C2E6B19128CF70049C1B3 /* Frameworks */,
				888C2E6A19128CF70049C1B3 /* Products */,
			);
			sourceTree = "<group>";
		};
		888C2E6A19128CF70049C1B3 /* Products */ = {
			isa = PBXGroup;
			children = (
				888C2E6919128CF70049C1B3 /* Out Of This World.app */,
				888C2E8A19128CF70049C1B3 /* Out Of This WorldTests.xctest */,
			);
			name = Products;
			sourceTree = "<group>";
		};
		888C2E6B19128CF70049C1B3 /* Frameworks */ = {
			isa = PBXGroup;
			children = (
				888C2E6C19128CF70049C1B3 /* Foundation.framework */,
				888C2E6E19128CF70049C1B3 /* CoreGraphics.framework */,
				888C2E7019128CF70049C1B3 /* UIKit.framework */,
				888C2E8B19128CF70049C1B3 /* XCTest.framework */,
			);
			name = Frameworks;
			sourceTree = "<group>";
		};
		888C2E7219128CF70049C1B3 /* Out Of This World */ = {
			isa = PBXGroup;
			children = (
				888C2F431922A97C0049C1B3 /* OWObject.h */,
				888C2F441922A97C0049C1B3 /* OWObject.m */,
				888C2E7B19128CF70049C1B3 /* OWAppDelegate.h */,
				888C2E7C19128CF70049C1B3 /* OWAppDelegate.m */,
				888C2E7E19128CF70049C1B3 /* Main.storyboard */,
				888C2EA119128DCB0049C1B3 /* OWOuterSpaceTableViewController.h */,
				888C2EA219128DCB0049C1B3 /* OWOuterSpaceTableViewController.m */,
				888C2F8A192455050049C1B3 /* OWSpaceImageViewController.h */,
				888C2F8B192455050049C1B3 /* OWSpaceImageViewController.m */,
				888C2E8419128CF70049C1B3 /* Images.xcassets */,
				888C2E7319128CF70049C1B3 /* Supporting Files */,
			);
			path = "Out Of This World";
			sourceTree = "<group>";
		};
		888C2E7319128CF70049C1B3 /* Supporting Files */ = {
			isa = PBXGroup;
			children = (
				888C2F2F1922A9580049C1B3 /* Earth.jpg */,
				888C2F301922A9580049C1B3 /* EinsteinRing.jpg */,
				888C2F311922A9580049C1B3 /* Jupiter.jpg */,
				888C2F321922A9580049C1B3 /* Mars.jpg */,
				888C2F331922A9580049C1B3 /* Mercury.jpg */,
				888C2F341922A9580049C1B3 /* Neptune.jpg */,
				888C2F351922A9580049C1B3 /* Orion.jpg */,
				888C2F361922A9580049C1B3 /* Saturn.jpg */,
				888C2F371922A9580049C1B3 /* Uranus.jpg */,
				888C2F381922A9580049C1B3 /* Venus.jpg */,
				888C2EA4191295DF0049C1B3 /* AstronomicalData.h */,
				888C2EA5191295DF0049C1B3 /* AstronomicalData.m */,
				888C2E7419128CF70049C1B3 /* Out Of This World-Info.plist */,
				888C2E7519128CF70049C1B3 /* InfoPlist.strings */,
				888C2E7819128CF70049C1B3 /* main.m */,
				888C2E7A19128CF70049C1B3 /* Out Of This World-Prefix.pch */,
			);
			name = "Supporting Files";
			sourceTree = "<group>";
		};
		888C2E9119128CF70049C1B3 /* Out Of This WorldTests */ = {
			isa = PBXGroup;
			children = (
				888C2E9719128CF70049C1B3 /* Out_Of_This_WorldTests.m */,
				888C2E9219128CF70049C1B3 /* Supporting Files */,
			);
			path = "Out Of This WorldTests";
			sourceTree = "<group>";
		};
		888C2E9219128CF70049C1B3 /* Supporting Files */ = {
			isa = PBXGroup;
			children = (
				888C2E9319128CF70049C1B3 /* Out Of This WorldTests-Info.plist */,
				888C2E9419128CF70049C1B3 /* InfoPlist.strings */,
			);
			name = "Supporting Files";
			sourceTree = "<group>";
		};
/* End PBXGroup section */

/* Begin PBXNativeTarget section */
		888C2E6819128CF70049C1B3 /* Out Of This World */ = {
			isa = PBXNativeTarget;
			buildConfigurationList = 888C2E9B19128CF70049C1B3 /* Build configuration list for PBXNativeTarget "Out Of This World" */;
			buildPhases = (
				888C2E6519128CF70049C1B3 /* Sources */,
				888C2E6619128CF70049C1B3 /* Frameworks */,
				888C2E6719128CF70049C1B3 /* Resources */,
			);
			buildRules = (
			);
			dependencies = (
			);
			name = "Out Of This World";
			productName = "Out Of This World";
			productReference = 888C2E6919128CF70049C1B3 /* Out Of This World.app */;
			productType = "com.apple.product-type.application";
		};
		888C2E8919128CF70049C1B3 /* Out Of This WorldTests */ = {
			isa = PBXNativeTarget;
			buildConfigurationList = 888C2E9E19128CF70049C1B3 /* Build configuration list for PBXNativeTarget "Out Of This WorldTests" */;
			buildPhases = (
				888C2E8619128CF70049C1B3 /* Sources */,
				888C2E8719128CF70049C1B3 /* Frameworks */,
				888C2E8819128CF70049C1B3 /* Resources */,
			);
			buildRules = (
			);
			dependencies = (
				888C2E9019128CF70049C1B3 /* PBXTargetDependency */,
			);
			name = "Out Of This WorldTests";
			productName = "Out Of This WorldTests";
			productReference = 888C2E8A19128CF70049C1B3 /* Out Of This WorldTests.xctest */;
			productType = "com.apple.product-type.bundle.unit-test";
		};
/* End PBXNativeTarget section */

/* Begin PBXProject section */
		888C2E6119128CF70049C1B3 /* Project object */ = {
			isa = PBXProject;
			attributes = {
				CLASSPREFIX = OW;
				LastUpgradeCheck = 0510;
				TargetAttributes = {
					888C2E8919128CF70049C1B3 = {
						TestTargetID = 888C2E6819128CF70049C1B3;
					};
				};
			};
			buildConfigurationList = 888C2E6419128CF70049C1B3 /* Build configuration list for PBXProject "Out Of This World" */;
			compatibilityVersion = "Xcode 3.2";
			developmentRegion = English;
			hasScannedForEncodings = 0;
			knownRegions = (
				en,
				Base,
			);
			mainGroup = 888C2E6019128CF70049C1B3;
			productRefGroup = 888C2E6A19128CF70049C1B3 /* Products */;
			projectDirPath = "";
			projectRoot = "";
			targets = (
				888C2E6819128CF70049C1B3 /* Out Of This World */,
				888C2E8919128CF70049C1B3 /* Out Of This WorldTests */,
			);
		};
/* End PBXProject section */

/* Begin PBXResourcesBuildPhase section */
		888C2E6719128CF70049C1B3 /* Resources */ = {
			isa = PBXResourcesBuildPhase;
			buildActionMask = 2147483647;
			files = (
				888C2F391922A9580049C1B3 /* Earth.jpg in Resources */,
				888C2F421922A9580049C1B3 /* Venus.jpg in Resources */,
				888C2F3D1922A9580049C1B3 /* Mercury.jpg in Resources */,
				888C2F401922A9580049C1B3 /* Saturn.jpg in Resources */,
				888C2F411922A9580049C1B3 /* Uranus.jpg in Resources */,
				888C2E8519128CF70049C1B3 /* Images.xcassets in Resources */,
				888C2F3E1922A9580049C1B3 /* Neptune.jpg in Resources */,
				888C2F3C1922A9580049C1B3 /* Mars.jpg in Resources */,
				888C2E7719128CF70049C1B3 /* InfoPlist.strings in Resources */,
				888C2E8019128CF70049C1B3 /* Main.storyboard in Resources */,
				888C2F3A1922A9580049C1B3 /* EinsteinRing.jpg in Resources */,
				888C2F3B1922A9580049C1B3 /* Jupiter.jpg in Resources */,
				888C2F3F1922A9580049C1B3 /* Orion.jpg in Resources */,
			);
			runOnlyForDeploymentPostprocessing = 0;
		};
		888C2E8819128CF70049C1B3 /* Resources */ = {
			isa = PBXResourcesBuildPhase;
			buildActionMask = 2147483647;
			files = (
				888C2E9619128CF70049C1B3 /* InfoPlist.strings in Resources */,
			);
			runOnlyForDeploymentPostprocessing = 0;
		};
/* End PBXResourcesBuildPhase section */

/* Begin PBXSourcesBuildPhase section */
		888C2E6519128CF70049C1B3 /* Sources */ = {
			isa = PBXSourcesBuildPhase;
			buildActionMask = 2147483647;
			files = (
				888C2EA319128DCB0049C1B3 /* OWOuterSpaceTableViewController.m in Sources */,
				888C2E7D19128CF70049C1B3 /* OWAppDelegate.m in Sources */,
				888C2E7919128CF70049C1B3 /* main.m in Sources */,
				888C2EA6191295DF0049C1B3 /* AstronomicalData.m in Sources */,
				888C2F451922A97C0049C1B3 /* OWObject.m in Sources */,
				888C2F8C192455050049C1B3 /* OWSpaceImageViewController.m in Sources */,
			);
			runOnlyForDeploymentPostprocessing = 0;
		};
		888C2E8619128CF70049C1B3 /* Sources */ = {
			isa = PBXSourcesBuildPhase;
			buildActionMask = 2147483647;
			files = (
				888C2E9819128CF70049C1B3 /* Out_Of_This_WorldTests.m in Sources */,
			);
			runOnlyForDeploymentPostprocessing = 0;
		};
/* End PBXSourcesBuildPhase section */

/* Begin PBXTargetDependency section */
		888C2E9019128CF70049C1B3 /* PBXTargetDependency */ = {
			isa = PBXTargetDependency;
			target = 888C2E6819128CF70049C1B3 /* Out Of This World */;
			targetProxy = 888C2E8F19128CF70049C1B3 /* PBXContainerItemProxy */;
		};
/* End PBXTargetDependency section */

/* Begin PBXVariantGroup section */
		888C2E7519128CF70049C1B3 /* InfoPlist.strings */ = {
			isa = PBXVariantGroup;
			children = (
				888C2E7619128CF70049C1B3 /* en */,
			);
			name = InfoPlist.strings;
			sourceTree = "<group>";
		};
		888C2E7E19128CF70049C1B3 /* Main.storyboard */ = {
			isa = PBXVariantGroup;
			children = (
				888C2E7F19128CF70049C1B3 /* Base */,
			);
			name = Main.storyboard;
			sourceTree = "<group>";
		};
		888C2E9419128CF70049C1B3 /* InfoPlist.strings */ = {
			isa = PBXVariantGroup;
			children = (
				888C2E9519128CF70049C1B3 /* en */,
			);
			name = InfoPlist.strings;
			sourceTree = "<group>";
		};
/* End PBXVariantGroup section */

/* Begin XCBuildConfiguration section */
		888C2E9919128CF70049C1B3 /* Debug */ = {
			isa = XCBuildConfiguration;
			buildSettings = {
				ALWAYS_SEARCH_USER_PATHS = NO;
				CLANG_CXX_LANGUAGE_STANDARD = "gnu++0x";
				CLANG_CXX_LIBRARY = "libc++";
				CLANG_ENABLE_MODULES = YES;
				CLANG_ENABLE_OBJC_ARC = YES;
				CLANG_WARN_BOOL_CONVERSION = YES;
				CLANG_WARN_CONSTANT_CONVERSION = YES;
				CLANG_WARN_DIRECT_OBJC_ISA_USAGE = YES_ERROR;
				CLANG_WARN_EMPTY_BODY = YES;
				CLANG_WARN_ENUM_CONVERSION = YES;
				CLANG_WARN_INT_CONVERSION = YES;
				CLANG_WARN_OBJC_ROOT_CLASS = YES_ERROR;
				CLANG_WARN__DUPLICATE_METHOD_MATCH = YES;
				"CODE_SIGN_IDENTITY[sdk=iphoneos*]" = "iPhone Developer";
				COPY_PHASE_STRIP = NO;
				GCC_C_LANGUAGE_STANDARD = gnu99;
				GCC_DYNAMIC_NO_PIC = NO;
				GCC_OPTIMIZATION_LEVEL = 0;
				GCC_PREPROCESSOR_DEFINITIONS = (
					"DEBUG=1",
					"$(inherited)",
				);
				GCC_SYMBOLS_PRIVATE_EXTERN = NO;
				GCC_WARN_64_TO_32_BIT_CONVERSION = YES;
				GCC_WARN_ABOUT_RETURN_TYPE = YES_ERROR;
				GCC_WARN_UNDECLARED_SELECTOR = YES;
				GCC_WARN_UNINITIALIZED_AUTOS = YES_AGGRESSIVE;
				GCC_WARN_UNUSED_FUNCTION = YES;
				GCC_WARN_UNUSED_VARIABLE = YES;
				IPHONEOS_DEPLOYMENT_TARGET = 7.1;
				ONLY_ACTIVE_ARCH = YES;
				SDKROOT = iphoneos;
			};
			name = Debug;
		};
		888C2E9A19128CF70049C1B3 /* Release */ = {
			isa = XCBuildConfiguration;
			buildSettings = {
				ALWAYS_SEARCH_USER_PATHS = NO;
				CLANG_CXX_LANGUAGE_STANDARD = "gnu++0x";
				CLANG_CXX_LIBRARY = "libc++";
				CLANG_ENABLE_MODULES = YES;
				CLANG_ENABLE_OBJC_ARC = YES;
				CLANG_WARN_BOOL_CONVERSION = YES;
				CLANG_WARN_CONSTANT_CONVERSION = YES;
				CLANG_WARN_DIRECT_OBJC_ISA_USAGE = YES_ERROR;
				CLANG_WARN_EMPTY_BODY = YES;
				CLANG_WARN_ENUM_CONVERSION = YES;
				CLANG_WARN_INT_CONVERSION = YES;
				CLANG_WARN_OBJC_ROOT_CLASS = YES_ERROR;
				CLANG_WARN__DUPLICATE_METHOD_MATCH = YES;
				"CODE_SIGN_IDENTITY[sdk=iphoneos*]" = "iPhone Developer";
				COPY_PHASE_STRIP = YES;
				ENABLE_NS_ASSERTIONS = NO;
				GCC_C_LANGUAGE_STANDARD = gnu99;
				GCC_WARN_64_TO_32_BIT_CONVERSION = YES;
				GCC_WARN_ABOUT_RETURN_TYPE = YES_ERROR;
				GCC_WARN_UNDECLARED_SELECTOR = YES;
				GCC_WARN_UNINITIALIZED_AUTOS = YES_AGGRESSIVE;
				GCC_WARN_UNUSED_FUNCTION = YES;
				GCC_WARN_UNUSED_VARIABLE = YES;
				IPHONEOS_DEPLOYMENT_TARGET = 7.1;
				SDKROOT = iphoneos;
				VALIDATE_PRODUCT = YES;
			};
			name = Release;
		};
		888C2E9C19128CF70049C1B3 /* Debug */ = {
			isa = XCBuildConfiguration;
			buildSettings = {
				ASSETCATALOG_COMPILER_APPICON_NAME = AppIcon;
				ASSETCATALOG_COMPILER_LAUNCHIMAGE_NAME = LaunchImage;
				GCC_PRECOMPILE_PREFIX_HEADER = YES;
				GCC_PREFIX_HEADER = "Out Of This World/Out Of This World-Prefix.pch";
				INFOPLIST_FILE = "Out Of This World/Out Of This World-Info.plist";
				PRODUCT_NAME = "$(TARGET_NAME)";
				WRAPPER_EXTENSION = app;
			};
			name = Debug;
		};
		888C2E9D19128CF70049C1B3 /* Release */ = {
			isa = XCBuildConfiguration;
			buildSettings = {
				ASSETCATALOG_COMPILER_APPICON_NAME = AppIcon;
				ASSETCATALOG_COMPILER_LAUNCHIMAGE_NAME = LaunchImage;
				GCC_PRECOMPILE_PREFIX_HEADER = YES;
				GCC_PREFIX_HEADER = "Out Of This World/Out Of This World-Prefix.pch";
				INFOPLIST_FILE = "Out Of This World/Out Of This World-Info.plist";
				PRODUCT_NAME = "$(TARGET_NAME)";
				WRAPPER_EXTENSION = app;
			};
			name = Release;
		};
		888C2E9F19128CF70049C1B3 /* Debug */ = {
			isa = XCBuildConfiguration;
			buildSettings = {
				BUNDLE_LOADER = "$(BUILT_PRODUCTS_DIR)/Out Of This World.app/Out Of This World";
				FRAMEWORK_SEARCH_PATHS = (
					"$(SDKROOT)/Developer/Library/Frameworks",
					"$(inherited)",
					"$(DEVELOPER_FRAMEWORKS_DIR)",
				);
				GCC_PRECOMPILE_PREFIX_HEADER = YES;
				GCC_PREFIX_HEADER = "Out Of This World/Out Of This World-Prefix.pch";
				GCC_PREPROCESSOR_DEFINITIONS = (
					"DEBUG=1",
					"$(inherited)",
				);
				INFOPLIST_FILE = "Out Of This WorldTests/Out Of This WorldTests-Info.plist";
				PRODUCT_NAME = "$(TARGET_NAME)";
				TEST_HOST = "$(BUNDLE_LOADER)";
				WRAPPER_EXTENSION = xctest;
			};
			name = Debug;
		};
		888C2EA019128CF70049C1B3 /* Release */ = {
			isa = XCBuildConfiguration;
			buildSettings = {
				BUNDLE_LOADER = "$(BUILT_PRODUCTS_DIR)/Out Of This World.app/Out Of This World";
				FRAMEWORK_SEARCH_PATHS = (
					"$(SDKROOT)/Developer/Library/Frameworks",
					"$(inherited)",
					"$(DEVELOPER_FRAMEWORKS_DIR)",
				);
				GCC_PRECOMPILE_PREFIX_HEADER = YES;
				GCC_PREFIX_HEADER = "Out Of This World/Out Of This World-Prefix.pch";
				INFOPLIST_FILE = "Out Of This WorldTests/Out Of This WorldTests-Info.plist";
				PRODUCT_NAME = "$(TARGET_NAME)";
				TEST_HOST = "$(BUNDLE_LOADER)";
				WRAPPER_EXTENSION = xctest;
			};
			name = Release;
		};
/* End XCBuildConfiguration section */

/* Begin XCConfigurationList section */
		888C2E6419128CF70049C1B3 /* Build configuration list for PBXProject "Out Of This World" */ = {
			isa = XCConfigurationList;
			buildConfigurations = (
				888C2E9919128CF70049C1B3 /* Debug */,
				888C2E9A19128CF70049C1B3 /* Release */,
			);
			defaultConfigurationIsVisible = 0;
			defaultConfigurationName = Release;
		};
		888C2E9B19128CF70049C1B3 /* Build configuration list for PBXNativeTarget "Out Of This World" */ = {
			isa = XCConfigurationList;
			buildConfigurations = (
				888C2E9C19128CF70049C1B3 /* Debug */,
				888C2E9D19128CF70049C1B3 /* Release */,
			);
			defaultConfigurationIsVisible = 0;
			defaultConfigurationName = Release;
		};
		888C2E9E19128CF70049C1B3 /* Build configuration list for PBXNativeTarget "Out Of This WorldTests" */ = {
			isa = XCConfigurationList;
			buildConfigurations = (
				888C2E9F19128CF70049C1B3 /* Debug */,
				888C2EA019128CF70049C1B3 /* Release */,
			);
			defaultConfigurationIsVisible = 0;
			defaultConfigurationName = Release;
		};
/* End XCConfigurationList section */
	};
	rootObject = 888C2E6119128CF70049C1B3 /* Project object */;
}
